
Microsoft Visual Studio Solution File, Format Version 12.00
# Visual Studio Version 16
VisualStudioVersion = 16.0.31005.135
MinimumVisualStudioVersion = 10.0.40219.1
Project("{FAE04EC0-301F-11D3-BF4B-00C04F79EFBC}") = "AliumCompiler", "AliumCompiler\AliumCompiler.csproj", "{1B21A716-5BC2-4ADA-88B2-D5D8CBF651D7}"
EndProject
Project("{9A19103F-16F7-4668-BE54-9A1E7A4F7556}") = "AliumTranspiler", "AliumTranspiler\AliumTranspiler.csproj", "{3DDB9C61-34B3-4BE5-9B9E-AEAF564CA98D}"
EndProject
Project("{9A19103F-16F7-4668-BE54-9A1E7A4F7556}") = "AliumInterpreter", "AliumInterpreter\AliumInterpreter.csproj", "{7E2F0FA5-3443-4D92-8DB6-D51538CC1C2B}"
EndProject
Project("{FAE04EC0-301F-11D3-BF4B-00C04F79EFBC}") = "AliumInterpreterTest", "AliumInterpreterTest\AliumInterpreterTest.csproj", "{8820DBC1-A934-414B-AEF8-F7671042FC56}"
EndProject
Global
	GlobalSection(SolutionConfigurationPlatforms) = preSolution
		Debug|Any CPU = Debug|Any CPU
		Release|Any CPU = Release|Any CPU
	EndGlobalSection
	GlobalSection(ProjectConfigurationPlatforms) = postSolution
		{1B21A716-5BC2-4ADA-88B2-D5D8CBF651D7}.Debug|Any CPU.ActiveCfg = Debug|Any CPU
		{1B21A716-5BC2-4ADA-88B2-D5D8CBF651D7}.Debug|Any CPU.Build.0 = Debug|Any CPU
		{1B21A716-5BC2-4ADA-88B2-D5D8CBF651D7}.Release|Any CPU.ActiveCfg = Release|Any CPU
		{1B21A716-5BC2-4ADA-88B2-D5D8CBF651D7}.Release|Any CPU.Build.0 = Release|Any CPU
		{3DDB9C61-34B3-4BE5-9B9E-AEAF564CA98D}.Debug|Any CPU.ActiveCfg = Debug|Any CPU
		{3DDB9C61-34B3-4BE5-9B9E-AEAF564CA98D}.Debug|Any CPU.Build.0 = Debug|Any CPU
		{3DDB9C61-34B3-4BE5-9B9E-AEAF564CA98D}.Release|Any CPU.ActiveCfg = Release|Any CPU
		{3DDB9C61-34B3-4BE5-9B9E-AEAF564CA98D}.Release|Any CPU.Build.0 = Release|Any CPU
		{7E2F0FA5-3443-4D92-8DB6-D51538CC1C2B}.Debug|Any CPU.ActiveCfg = Debug|Any CPU
		{7E2F0FA5-3443-4D92-8DB6-D51538CC1C2B}.Debug|Any CPU.Build.0 = Debug|Any CPU
		{7E2F0FA5-3443-4D92-8DB6-D51538CC1C2B}.Release|Any CPU.ActiveCfg = Release|Any CPU
		{7E2F0FA5-3443-4D92-8DB6-D51538CC1C2B}.Release|Any CPU.Build.0 = Release|Any CPU
		{8820DBC1-A934-414B-AEF8-F7671042FC56}.Debug|Any CPU.ActiveCfg = Debug|Any CPU
		{8820DBC1-A934-414B-AEF8-F7671042FC56}.Debug|Any CPU.Build.0 = Debug|Any CPU
		{8820DBC1-A934-414B-AEF8-F7671042FC56}.Release|Any CPU.ActiveCfg = Release|Any CPU
		{8820DBC1-A934-414B-AEF8-F7671042FC56}.Release|Any CPU.Build.0 = Release|Any CPU
	EndGlobalSection
	GlobalSection(SolutionProperties) = preSolution
		HideSolutionNode = FALSE
	EndGlobalSection
	GlobalSection(ExtensibilityGlobals) = postSolution
		SolutionGuid = {A16C6E46-BF0F-4A6E-86BE-B18A1E6D9821}
	EndGlobalSection
EndGlobal
